
Microsoft Visual Studio Solution File, Format Version 12.00
# Visual Studio Version 17
VisualStudioVersion = 17.7.34221.43
MinimumVisualStudioVersion = 10.0.40219.1
Project("{FAE04EC0-301F-11D3-BF4B-00C04F79EFBC}") = "WebApi", "WebApi\WebApi.csproj", "{EFA340DB-18A1-4BD4-9D4A-BB6E61A507A8}"
EndProject
Project("{FAE04EC0-301F-11D3-BF4B-00C04F79EFBC}") = "WebUI", "WebUI\WebUI.csproj", "{661DDCDF-776C-4034-9815-DF24A2D65AA3}"
EndProject
Global
	GlobalSection(SolutionConfigurationPlatforms) = preSolution
		Debug|Any CPU = Debug|Any CPU
		Release|Any CPU = Release|Any CPU
	EndGlobalSection
	GlobalSection(ProjectConfigurationPlatforms) = postSolution
		{EFA340DB-18A1-4BD4-9D4A-BB6E61A507A8}.Debug|Any CPU.ActiveCfg = Debug|Any CPU
		{EFA340DB-18A1-4BD4-9D4A-BB6E61A507A8}.Debug|Any CPU.Build.0 = Debug|Any CPU
		{EFA340DB-18A1-4BD4-9D4A-BB6E61A507A8}.Release|Any CPU.ActiveCfg = Release|Any CPU
		{EFA340DB-18A1-4BD4-9D4A-BB6E61A507A8}.Release|Any CPU.Build.0 = Release|Any CPU
		{661DDCDF-776C-4034-9815-DF24A2D65AA3}.Debug|Any CPU.ActiveCfg = Debug|Any CPU
		{661DDCDF-776C-4034-9815-DF24A2D65AA3}.Debug|Any CPU.Build.0 = Debug|Any CPU
		{661DDCDF-776C-4034-9815-DF24A2D65AA3}.Release|Any CPU.ActiveCfg = Release|Any CPU
		{661DDCDF-776C-4034-9815-DF24A2D65AA3}.Release|Any CPU.Build.0 = Release|Any CPU
	EndGlobalSection
	GlobalSection(SolutionProperties) = preSolution
		HideSolutionNode = FALSE
	EndGlobalSection
	GlobalSection(ExtensibilityGlobals) = postSolution
		SolutionGuid = {D382BE2C-2BAA-4F51-B4CB-3AA599CC7382}
	EndGlobalSection
EndGlobal
